
Microsoft Visual Studio Solution File, Format Version 12.00
# Visual Studio Version 16
VisualStudioVersion = 16.0.31911.196
MinimumVisualStudioVersion = 10.0.40219.1
Project("{FAE04EC0-301F-11D3-BF4B-00C04F79EFBC}") = "HELLOWORLD", "HELLOWORLD\HELLOWORLD.csproj", "{2AD81BEA-62C6-4BB8-86E6-10F37EB4745A}"
EndProject
Global
	GlobalSection(SolutionConfigurationPlatforms) = preSolution
		Debug|Any CPU = Debug|Any CPU
		Release|Any CPU = Release|Any CPU
	EndGlobalSection
	GlobalSection(ProjectConfigurationPlatforms) = postSolution
		{2AD81BEA-62C6-4BB8-86E6-10F37EB4745A}.Debug|Any CPU.ActiveCfg = Debug|Any CPU
		{2AD81BEA-62C6-4BB8-86E6-10F37EB4745A}.Debug|Any CPU.Build.0 = Debug|Any CPU
		{2AD81BEA-62C6-4BB8-86E6-10F37EB4745A}.Release|Any CPU.ActiveCfg = Release|Any CPU
		{2AD81BEA-62C6-4BB8-86E6-10F37EB4745A}.Release|Any CPU.Build.0 = Release|Any CPU
	EndGlobalSection
	GlobalSection(SolutionProperties) = preSolution
		HideSolutionNode = FALSE
	EndGlobalSection
	GlobalSection(ExtensibilityGlobals) = postSolution
		SolutionGuid = {D9BEB4CA-86AA-4691-8AF7-65E3A581082A}
	EndGlobalSection
EndGlobal
